
Microsoft Visual Studio Solution File, Format Version 12.00
# Visual Studio Version 16
VisualStudioVersion = 16.0.31112.23
MinimumVisualStudioVersion = 10.0.40219.1
Project("{FAE04EC0-301F-11D3-BF4B-00C04F79EFBC}") = "MIW1b", "MIW1b\MIW1b.csproj", "{6A4B7052-7DD9-48E3-A8E1-07D339AA0400}"
EndProject
Global
	GlobalSection(SolutionConfigurationPlatforms) = preSolution
		Debug|Any CPU = Debug|Any CPU
		Release|Any CPU = Release|Any CPU
	EndGlobalSection
	GlobalSection(ProjectConfigurationPlatforms) = postSolution
		{6A4B7052-7DD9-48E3-A8E1-07D339AA0400}.Debug|Any CPU.ActiveCfg = Debug|Any CPU
		{6A4B7052-7DD9-48E3-A8E1-07D339AA0400}.Debug|Any CPU.Build.0 = Debug|Any CPU
		{6A4B7052-7DD9-48E3-A8E1-07D339AA0400}.Release|Any CPU.ActiveCfg = Release|Any CPU
		{6A4B7052-7DD9-48E3-A8E1-07D339AA0400}.Release|Any CPU.Build.0 = Release|Any CPU
	EndGlobalSection
	GlobalSection(SolutionProperties) = preSolution
		HideSolutionNode = FALSE
	EndGlobalSection
	GlobalSection(ExtensibilityGlobals) = postSolution
		SolutionGuid = {C5C6D0E4-CBAF-493A-997E-F59F65ECB856}
	EndGlobalSection
EndGlobal
